
Microsoft Visual Studio Solution File, Format Version 12.00
# Visual Studio Version 17
VisualStudioVersion = 17.8.34330.188
MinimumVisualStudioVersion = 10.0.40219.1
Project("{9A19103F-16F7-4668-BE54-9A1E7A4F7556}") = "TurnUpFebruary2024-", "TurnUpFebruary2024-.csproj", "{4F467F33-0F1B-459A-B886-CC1C2740BF0B}"
EndProject
Global
	GlobalSection(SolutionConfigurationPlatforms) = preSolution
		Debug|Any CPU = Debug|Any CPU
		Release|Any CPU = Release|Any CPU
	EndGlobalSection
	GlobalSection(ProjectConfigurationPlatforms) = postSolution
		{4F467F33-0F1B-459A-B886-CC1C2740BF0B}.Debug|Any CPU.ActiveCfg = Debug|Any CPU
		{4F467F33-0F1B-459A-B886-CC1C2740BF0B}.Debug|Any CPU.Build.0 = Debug|Any CPU
		{4F467F33-0F1B-459A-B886-CC1C2740BF0B}.Release|Any CPU.ActiveCfg = Release|Any CPU
		{4F467F33-0F1B-459A-B886-CC1C2740BF0B}.Release|Any CPU.Build.0 = Release|Any CPU
	EndGlobalSection
	GlobalSection(SolutionProperties) = preSolution
		HideSolutionNode = FALSE
	EndGlobalSection
	GlobalSection(ExtensibilityGlobals) = postSolution
		SolutionGuid = {199C2DE0-88A6-4B84-9834-D925505F6ED9}
	EndGlobalSection
EndGlobal
